
Microsoft Visual Studio Solution File, Format Version 12.00
# Visual Studio Version 16
VisualStudioVersion = 16.0.32126.315
MinimumVisualStudioVersion = 10.0.40219.1
Project("{FAE04EC0-301F-11D3-BF4B-00C04F79EFBC}") = "20203", "20203\20203.csproj", "{52EBA290-D539-4B46-BD5B-38F7EBF5D6A3}"
EndProject
Project("{FAE04EC0-301F-11D3-BF4B-00C04F79EFBC}") = "Common", "Common\Common.csproj", "{8C491F93-9448-4882-ACF6-AE45FEB2321A}"
EndProject
Global
	GlobalSection(SolutionConfigurationPlatforms) = preSolution
		Debug|Any CPU = Debug|Any CPU
		Release|Any CPU = Release|Any CPU
	EndGlobalSection
	GlobalSection(ProjectConfigurationPlatforms) = postSolution
		{52EBA290-D539-4B46-BD5B-38F7EBF5D6A3}.Debug|Any CPU.ActiveCfg = Debug|Any CPU
		{52EBA290-D539-4B46-BD5B-38F7EBF5D6A3}.Debug|Any CPU.Build.0 = Debug|Any CPU
		{52EBA290-D539-4B46-BD5B-38F7EBF5D6A3}.Release|Any CPU.ActiveCfg = Release|Any CPU
		{52EBA290-D539-4B46-BD5B-38F7EBF5D6A3}.Release|Any CPU.Build.0 = Release|Any CPU
		{8C491F93-9448-4882-ACF6-AE45FEB2321A}.Debug|Any CPU.ActiveCfg = Debug|Any CPU
		{8C491F93-9448-4882-ACF6-AE45FEB2321A}.Debug|Any CPU.Build.0 = Debug|Any CPU
		{8C491F93-9448-4882-ACF6-AE45FEB2321A}.Release|Any CPU.ActiveCfg = Release|Any CPU
		{8C491F93-9448-4882-ACF6-AE45FEB2321A}.Release|Any CPU.Build.0 = Release|Any CPU
	EndGlobalSection
	GlobalSection(SolutionProperties) = preSolution
		HideSolutionNode = FALSE
	EndGlobalSection
	GlobalSection(ExtensibilityGlobals) = postSolution
		SolutionGuid = {93174B2C-5ADA-4BE3-A778-AF73C89D438C}
	EndGlobalSection
EndGlobal
